
Microsoft Visual Studio Solution File, Format Version 12.00
# Visual Studio Version 17
VisualStudioVersion = 17.5.002.0
MinimumVisualStudioVersion = 10.0.40219.1
Project("{2150E333-8FDC-42A3-9474-1A3956D46DE8}") = "packages", "packages", "{DB3F20E3-299E-4D91-AFDC-6B723FCD49CC}"
EndProject
Project("{FAE04EC0-301F-11D3-BF4B-00C04F79EFBC}") = "WebApp", "packages\WebApp\WebApp.csproj", "{D21DBF69-052F-465E-BF74-6A9571872861}"
EndProject
Global
	GlobalSection(SolutionConfigurationPlatforms) = preSolution
		Debug|Any CPU = Debug|Any CPU
		Release|Any CPU = Release|Any CPU
	EndGlobalSection
	GlobalSection(ProjectConfigurationPlatforms) = postSolution
		{D21DBF69-052F-465E-BF74-6A9571872861}.Debug|Any CPU.ActiveCfg = Debug|Any CPU
		{D21DBF69-052F-465E-BF74-6A9571872861}.Debug|Any CPU.Build.0 = Debug|Any CPU
		{D21DBF69-052F-465E-BF74-6A9571872861}.Release|Any CPU.ActiveCfg = Release|Any CPU
		{D21DBF69-052F-465E-BF74-6A9571872861}.Release|Any CPU.Build.0 = Release|Any CPU
	EndGlobalSection
	GlobalSection(SolutionProperties) = preSolution
		HideSolutionNode = FALSE
	EndGlobalSection
	GlobalSection(NestedProjects) = preSolution
		{D21DBF69-052F-465E-BF74-6A9571872861} = {DB3F20E3-299E-4D91-AFDC-6B723FCD49CC}
	EndGlobalSection
EndGlobal
